{
  "name": "EventManager",
  "lockfileVersion": 2,
  "requires": true,
  "packages": {
    "": {
      "dependencies": {
        "flipdown": "^0.3.2",
        "tabulator-tables": "^6.0.1"
      }
    },
    "node_modules/flipdown": {
      "version": "0.3.2",
      "resolved": "https://registry.npmjs.org/flipdown/-/flipdown-0.3.2.tgz",
      "integrity": "sha512-WR+NS6iAHcz8F3McMrxydkGVKE7y2H77STSVUa84czj3uwqjcB2EPM6v9XA98eFr8YU1FEfqqYitdl89pMZnJw=="
    },
    "node_modules/tabulator-tables": {
      "version": "6.0.1",
      "resolved": "https://registry.npmjs.org/tabulator-tables/-/tabulator-tables-6.0.1.tgz",
      "integrity": "sha512-wdxqWajUoG/K8rZNdWgoTuFN/qWEzqTrg4C+LyVuVWSij9hx/edL3G54h2nJRD9d+VrymQg4juTWTj84hVmC8A==",
      "license": "MIT"
    }
  },
  "dependencies": {
    "flipdown": {
      "version": "0.3.2",
      "resolved": "https://registry.npmjs.org/flipdown/-/flipdown-0.3.2.tgz",
      "integrity": "sha512-WR+NS6iAHcz8F3McMrxydkGVKE7y2H77STSVUa84czj3uwqjcB2EPM6v9XA98eFr8YU1FEfqqYitdl89pMZnJw=="
    },
    "tabulator-tables": {
      "version": "6.0.1",
      "resolved": "https://registry.npmjs.org/tabulator-tables/-/tabulator-tables-6.0.1.tgz",
      "integrity": "sha512-wdxqWajUoG/K8rZNdWgoTuFN/qWEzqTrg4C+LyVuVWSij9hx/edL3G54h2nJRD9d+VrymQg4juTWTj84hVmC8A=="
    }
  }
}
