# THIS IS AN AUTOGENERATED FILE. DO NOT EDIT THIS FILE DIRECTLY.
# yarn lockfile v1


"flipdown@^0.3.2":
  "integrity" "sha512-WR+NS6iAHcz8F3McMrxydkGVKE7y2H77STSVUa84czj3uwqjcB2EPM6v9XA98eFr8YU1FEfqqYitdl89pMZnJw=="
  "resolved" "https://registry.npmjs.org/flipdown/-/flipdown-0.3.2.tgz"
  "version" "0.3.2"

"tabulator-tables@^6.0.1":
  "integrity" "sha512-wdxqWajUoG/K8rZNdWgoTuFN/qWEzqTrg4C+LyVuVWSij9hx/edL3G54h2nJRD9d+VrymQg4juTWTj84hVmC8A=="
  "resolved" "https://registry.npmjs.org/tabulator-tables/-/tabulator-tables-6.0.1.tgz"
  "version" "6.0.1"
