# THIS IS AN AUTOGENERATED FILE. DO NOT EDIT THIS FILE DIRECTLY.
# yarn lockfile v1


tabulator-tables@^6.0.1:
  version "6.0.1"
  resolved "https://registry.yarnpkg.com/tabulator-tables/-/tabulator-tables-6.0.1.tgz#1217d2b397a0a34777e1f7c2a4b7be6608748c37"
  integrity sha512-wdxqWajUoG/K8rZNdWgoTuFN/qWEzqTrg4C+LyVuVWSij9hx/edL3G54h2nJRD9d+VrymQg4juTWTj84hVmC8A==
